
Microsoft Visual Studio Solution File, Format Version 12.00
# Visual Studio Version 17
VisualStudioVersion = 17.10.35122.118
MinimumVisualStudioVersion = 10.0.40219.1
Project("{FAE04EC0-301F-11D3-BF4B-00C04F79EFBC}") = "GitWorking", "GitWorking.csproj", "{3A88398F-ECE4-4F77-8622-15A032C5E180}"
EndProject
Global
	GlobalSection(SolutionConfigurationPlatforms) = preSolution
		Debug|Any CPU = Debug|Any CPU
		Release|Any CPU = Release|Any CPU
	EndGlobalSection
	GlobalSection(ProjectConfigurationPlatforms) = postSolution
		{3A88398F-ECE4-4F77-8622-15A032C5E180}.Debug|Any CPU.ActiveCfg = Debug|Any CPU
		{3A88398F-ECE4-4F77-8622-15A032C5E180}.Debug|Any CPU.Build.0 = Debug|Any CPU
		{3A88398F-ECE4-4F77-8622-15A032C5E180}.Release|Any CPU.ActiveCfg = Release|Any CPU
		{3A88398F-ECE4-4F77-8622-15A032C5E180}.Release|Any CPU.Build.0 = Release|Any CPU
	EndGlobalSection
	GlobalSection(SolutionProperties) = preSolution
		HideSolutionNode = FALSE
	EndGlobalSection
	GlobalSection(ExtensibilityGlobals) = postSolution
		SolutionGuid = {EE375390-0AB4-4F55-B64A-B182E596CAD1}
	EndGlobalSection
EndGlobal
